
Microsoft Visual Studio Solution File, Format Version 9.00
# Visual Studio 2005
Project("{8BC9CEB8-8B4A-11D0-8D11-00A0C91BC942}") = "ref_soft", "ref_soft.vcproj", "{24354279-8B43-4E86-92F9-4D7FFFF9E91F}"
EndProject
Global
	GlobalSection(SolutionConfigurationPlatforms) = preSolution
		Debug Alpha|Win32 = Debug Alpha|Win32
		Debug|Win32 = Debug|Win32
		Release Alpha|Win32 = Release Alpha|Win32
		Release|Win32 = Release|Win32
	EndGlobalSection
	GlobalSection(ProjectConfigurationPlatforms) = postSolution
		{24354279-8B43-4E86-92F9-4D7FFFF9E91F}.Debug Alpha|Win32.ActiveCfg = Debug Alpha|Win32
		{24354279-8B43-4E86-92F9-4D7FFFF9E91F}.Debug Alpha|Win32.Build.0 = Debug Alpha|Win32
		{24354279-8B43-4E86-92F9-4D7FFFF9E91F}.Debug|Win32.ActiveCfg = Debug|Win32
		{24354279-8B43-4E86-92F9-4D7FFFF9E91F}.Debug|Win32.Build.0 = Debug|Win32
		{24354279-8B43-4E86-92F9-4D7FFFF9E91F}.Release Alpha|Win32.ActiveCfg = Release Alpha|Win32
		{24354279-8B43-4E86-92F9-4D7FFFF9E91F}.Release Alpha|Win32.Build.0 = Release Alpha|Win32
		{24354279-8B43-4E86-92F9-4D7FFFF9E91F}.Release|Win32.ActiveCfg = Release|Win32
		{24354279-8B43-4E86-92F9-4D7FFFF9E91F}.Release|Win32.Build.0 = Release|Win32
	EndGlobalSection
	GlobalSection(SolutionProperties) = preSolution
		HideSolutionNode = FALSE
	EndGlobalSection
EndGlobal
