<?xml version="1.0" encoding="utf-8"?>
<Project ToolsVersion="4.0" xmlns="http://schemas.microsoft.com/developer/msbuild/2003">
  <ItemGroup>
    <Filter Include="Source Files">
      <UniqueIdentifier>{3ea03e87-e727-478d-8670-cefed1d87738}</UniqueIdentifier>
      <Extensions>cpp;c;cxx;rc;def;r;odl;idl;hpj;bat;for;f90</Extensions>
    </Filter>
    <Filter Include="Header Files">
      <UniqueIdentifier>{3ea6c6f4-832f-4390-9f32-c70f240ef0ca}</UniqueIdentifier>
      <Extensions>h;hpp;hxx;hm;inl;fi;fd</Extensions>
    </Filter>
    <Filter Include="Resource Files">
      <UniqueIdentifier>{98e4a4b6-5b96-4da4-b4ab-4a640e28f05e}</UniqueIdentifier>
      <Extensions>ico;cur;bmp;dlg;rc2;rct;bin;cnt;rtf;gif;jpg;jpeg;jpe</Extensions>
    </Filter>
  </ItemGroup>
  <ItemGroup>
    <ClCompile Include="..\coop\b_cam.c">
      <Filter>Source Files</Filter>
    </ClCompile>
    <ClCompile Include="..\coop\dm_ball.c">
      <Filter>Source Files</Filter>
    </ClCompile>
    <ClCompile Include="..\coop\dm_tag.c">
      <Filter>Source Files</Filter>
    </ClCompile>
    <ClCompile Include="..\coop\g_ai.c">
      <Filter>Source Files</Filter>
    </ClCompile>
    <ClCompile Include="..\coop\g_chase.c">
      <Filter>Source Files</Filter>
    </ClCompile>
    <ClCompile Include="..\coop\g_cmds.c">
      <Filter>Source Files</Filter>
    </ClCompile>
    <ClCompile Include="..\coop\g_combat.c">
      <Filter>Source Files</Filter>
    </ClCompile>
    <ClCompile Include="..\coop\g_coop.c">
      <Filter>Source Files</Filter>
    </ClCompile>
    <ClCompile Include="..\coop\g_func.c">
      <Filter>Source Files</Filter>
    </ClCompile>
    <ClCompile Include="..\coop\g_items.c">
      <Filter>Source Files</Filter>
    </ClCompile>
    <ClCompile Include="..\coop\g_main.c">
      <Filter>Source Files</Filter>
    </ClCompile>
    <ClCompile Include="..\coop\g_misc.c">
      <Filter>Source Files</Filter>
    </ClCompile>
    <ClCompile Include="..\coop\g_monster.c">
      <Filter>Source Files</Filter>
    </ClCompile>
    <ClCompile Include="..\coop\g_newai.c">
      <Filter>Source Files</Filter>
    </ClCompile>
    <ClCompile Include="..\coop\g_newdm.c">
      <Filter>Source Files</Filter>
    </ClCompile>
    <ClCompile Include="..\coop\g_newfnc.c">
      <Filter>Source Files</Filter>
    </ClCompile>
    <ClCompile Include="..\coop\g_newtarg.c">
      <Filter>Source Files</Filter>
    </ClCompile>
    <ClCompile Include="..\coop\g_newtrig.c">
      <Filter>Source Files</Filter>
    </ClCompile>
    <ClCompile Include="..\coop\g_newweap.c">
      <Filter>Source Files</Filter>
    </ClCompile>
    <ClCompile Include="..\coop\g_phys.c">
      <Filter>Source Files</Filter>
    </ClCompile>
    <ClCompile Include="..\coop\g_save.c">
      <Filter>Source Files</Filter>
    </ClCompile>
    <ClCompile Include="..\coop\g_spawn.c">
      <Filter>Source Files</Filter>
    </ClCompile>
    <ClCompile Include="..\coop\g_sphere.c">
      <Filter>Source Files</Filter>
    </ClCompile>
    <ClCompile Include="..\coop\g_svcmds.c">
      <Filter>Source Files</Filter>
    </ClCompile>
    <ClCompile Include="..\coop\g_target.c">
      <Filter>Source Files</Filter>
    </ClCompile>
    <ClCompile Include="..\coop\g_trigger.c">
      <Filter>Source Files</Filter>
    </ClCompile>
    <ClCompile Include="..\coop\g_turret.c">
      <Filter>Source Files</Filter>
    </ClCompile>
    <ClCompile Include="..\coop\g_utils.c">
      <Filter>Source Files</Filter>
    </ClCompile>
    <ClCompile Include="..\coop\g_vote.c">
      <Filter>Source Files</Filter>
    </ClCompile>
    <ClCompile Include="..\coop\g_weapon.c">
      <Filter>Source Files</Filter>
    </ClCompile>
    <ClCompile Include="..\coop\m_actor.c">
      <Filter>Source Files</Filter>
    </ClCompile>
    <ClCompile Include="..\coop\m_berserk.c">
      <Filter>Source Files</Filter>
    </ClCompile>
    <ClCompile Include="..\coop\m_boss2.c">
      <Filter>Source Files</Filter>
    </ClCompile>
    <ClCompile Include="..\coop\m_boss3.c">
      <Filter>Source Files</Filter>
    </ClCompile>
    <ClCompile Include="..\coop\m_boss31.c">
      <Filter>Source Files</Filter>
    </ClCompile>
    <ClCompile Include="..\coop\m_boss32.c">
      <Filter>Source Files</Filter>
    </ClCompile>
    <ClCompile Include="..\coop\m_boss5.c">
      <Filter>Source Files</Filter>
    </ClCompile>
    <ClCompile Include="..\coop\m_brain.c">
      <Filter>Source Files</Filter>
    </ClCompile>
    <ClCompile Include="..\coop\m_carrier.c">
      <Filter>Source Files</Filter>
    </ClCompile>
    <ClCompile Include="..\coop\m_chick.c">
      <Filter>Source Files</Filter>
    </ClCompile>
    <ClCompile Include="..\coop\m_fixbot.c">
      <Filter>Source Files</Filter>
    </ClCompile>
    <ClCompile Include="..\coop\m_flash.c">
      <Filter>Source Files</Filter>
    </ClCompile>
    <ClCompile Include="..\coop\m_flipper.c">
      <Filter>Source Files</Filter>
    </ClCompile>
    <ClCompile Include="..\coop\m_float.c">
      <Filter>Source Files</Filter>
    </ClCompile>
    <ClCompile Include="..\coop\m_flyer.c">
      <Filter>Source Files</Filter>
    </ClCompile>
    <ClCompile Include="..\coop\m_gekk.c">
      <Filter>Source Files</Filter>
    </ClCompile>
    <ClCompile Include="..\coop\m_gladb.c">
      <Filter>Source Files</Filter>
    </ClCompile>
    <ClCompile Include="..\coop\m_gladiator.c">
      <Filter>Source Files</Filter>
    </ClCompile>
    <ClCompile Include="..\coop\m_gunner.c">
      <Filter>Source Files</Filter>
    </ClCompile>
    <ClCompile Include="..\coop\m_hover.c">
      <Filter>Source Files</Filter>
    </ClCompile>
    <ClCompile Include="..\coop\m_infantry.c">
      <Filter>Source Files</Filter>
    </ClCompile>
    <ClCompile Include="..\coop\m_insane.c">
      <Filter>Source Files</Filter>
    </ClCompile>
    <ClCompile Include="..\coop\m_medic.c">
      <Filter>Source Files</Filter>
    </ClCompile>
    <ClCompile Include="..\coop\m_move.c">
      <Filter>Source Files</Filter>
    </ClCompile>
    <ClCompile Include="..\coop\m_mutant.c">
      <Filter>Source Files</Filter>
    </ClCompile>
    <ClCompile Include="..\coop\m_parasite.c">
      <Filter>Source Files</Filter>
    </ClCompile>
    <ClCompile Include="..\coop\m_soldier.c">
      <Filter>Source Files</Filter>
    </ClCompile>
    <ClCompile Include="..\coop\m_stalker.c">
      <Filter>Source Files</Filter>
    </ClCompile>
    <ClCompile Include="..\coop\m_supertank.c">
      <Filter>Source Files</Filter>
    </ClCompile>
    <ClCompile Include="..\coop\m_tank.c">
      <Filter>Source Files</Filter>
    </ClCompile>
    <ClCompile Include="..\coop\m_turret.c">
      <Filter>Source Files</Filter>
    </ClCompile>
    <ClCompile Include="..\coop\m_widow.c">
      <Filter>Source Files</Filter>
    </ClCompile>
    <ClCompile Include="..\coop\m_widow2.c">
      <Filter>Source Files</Filter>
    </ClCompile>
    <ClCompile Include="..\coop\menu.c">
      <Filter>Source Files</Filter>
    </ClCompile>
    <ClCompile Include="..\coop\p_client.c">
      <Filter>Source Files</Filter>
    </ClCompile>
    <ClCompile Include="..\coop\p_hud.c">
      <Filter>Source Files</Filter>
    </ClCompile>
    <ClCompile Include="..\coop\p_trail.c">
      <Filter>Source Files</Filter>
    </ClCompile>
    <ClCompile Include="..\coop\p_view.c">
      <Filter>Source Files</Filter>
    </ClCompile>
    <ClCompile Include="..\coop\p_weapon.c">
      <Filter>Source Files</Filter>
    </ClCompile>
    <ClCompile Include="..\coop\q_shared.c">
      <Filter>Source Files</Filter>
    </ClCompile>
    <ClCompile Include="..\coop\z_acannon.c">
      <Filter>Source Files</Filter>
    </ClCompile>
    <ClCompile Include="..\coop\z_ai.c">
      <Filter>Source Files</Filter>
    </ClCompile>
    <ClCompile Include="..\coop\z_boss.c">
      <Filter>Source Files</Filter>
    </ClCompile>
    <ClCompile Include="..\coop\z_camera.c">
      <Filter>Source Files</Filter>
    </ClCompile>
    <ClCompile Include="..\coop\z_handler.c">
      <Filter>Source Files</Filter>
    </ClCompile>
    <ClCompile Include="..\coop\z_hound.c">
      <Filter>Source Files</Filter>
    </ClCompile>
    <ClCompile Include="..\coop\z_item.c">
      <Filter>Source Files</Filter>
    </ClCompile>
    <ClCompile Include="..\coop\z_sentien.c">
      <Filter>Source Files</Filter>
    </ClCompile>
    <ClCompile Include="..\coop\z_spawn.c">
      <Filter>Source Files</Filter>
    </ClCompile>
    <ClCompile Include="..\coop\z_trigger.c">
      <Filter>Source Files</Filter>
    </ClCompile>
    <ClCompile Include="..\coop\z_weapon.c">
      <Filter>Source Files</Filter>
    </ClCompile>
  </ItemGroup>
  <ItemGroup>
    <None Include="..\coop\game.def">
      <Filter>Source Files</Filter>
    </None>
  </ItemGroup>
  <ItemGroup>
    <ClInclude Include="..\coop\b_cam.h">
      <Filter>Header Files</Filter>
    </ClInclude>
    <ClInclude Include="..\coop\tables\clientfields.h">
      <Filter>Header Files</Filter>
    </ClInclude>
    <ClInclude Include="..\coop\tables\fields.h">
      <Filter>Header Files</Filter>
    </ClInclude>
    <ClInclude Include="..\coop\g_local.h">
      <Filter>Header Files</Filter>
    </ClInclude>
    <ClInclude Include="..\coop\game.h">
      <Filter>Header Files</Filter>
    </ClInclude>
    <ClInclude Include="..\coop\tables\gamefunc_decs.h">
      <Filter>Header Files</Filter>
    </ClInclude>
    <ClInclude Include="..\coop\tables\gamefunc_list.h">
      <Filter>Header Files</Filter>
    </ClInclude>
    <ClInclude Include="..\coop\tables\gamemmove_decs.h">
      <Filter>Header Files</Filter>
    </ClInclude>
    <ClInclude Include="..\coop\tables\gamemmove_list.h">
      <Filter>Header Files</Filter>
    </ClInclude>
    <ClInclude Include="..\coop\tables\levelfields.h">
      <Filter>Header Files</Filter>
    </ClInclude>
    <ClInclude Include="..\coop\m_actor.h">
      <Filter>Header Files</Filter>
    </ClInclude>
    <ClInclude Include="..\coop\m_berserk.h">
      <Filter>Header Files</Filter>
    </ClInclude>
    <ClInclude Include="..\coop\m_boss2.h">
      <Filter>Header Files</Filter>
    </ClInclude>
    <ClInclude Include="..\coop\m_boss31.h">
      <Filter>Header Files</Filter>
    </ClInclude>
    <ClInclude Include="..\coop\m_boss32.h">
      <Filter>Header Files</Filter>
    </ClInclude>
    <ClInclude Include="..\coop\m_brain.h">
      <Filter>Header Files</Filter>
    </ClInclude>
    <ClInclude Include="..\coop\m_carrier.h">
      <Filter>Header Files</Filter>
    </ClInclude>
    <ClInclude Include="..\coop\m_chick.h">
      <Filter>Header Files</Filter>
    </ClInclude>
    <ClInclude Include="..\coop\m_fixbot.h">
      <Filter>Header Files</Filter>
    </ClInclude>
    <ClInclude Include="..\coop\m_flipper.h">
      <Filter>Header Files</Filter>
    </ClInclude>
    <ClInclude Include="..\coop\m_float.h">
      <Filter>Header Files</Filter>
    </ClInclude>
    <ClInclude Include="..\coop\m_flyer.h">
      <Filter>Header Files</Filter>
    </ClInclude>
    <ClInclude Include="..\coop\m_gekk.h">
      <Filter>Header Files</Filter>
    </ClInclude>
    <ClInclude Include="..\coop\m_gladiator.h">
      <Filter>Header Files</Filter>
    </ClInclude>
    <ClInclude Include="..\coop\m_gunner.h">
      <Filter>Header Files</Filter>
    </ClInclude>
    <ClInclude Include="..\coop\m_hover.h">
      <Filter>Header Files</Filter>
    </ClInclude>
    <ClInclude Include="..\coop\m_infantry.h">
      <Filter>Header Files</Filter>
    </ClInclude>
    <ClInclude Include="..\coop\m_insane.h">
      <Filter>Header Files</Filter>
    </ClInclude>
    <ClInclude Include="..\coop\m_medic.h">
      <Filter>Header Files</Filter>
    </ClInclude>
    <ClInclude Include="..\coop\m_mutant.h">
      <Filter>Header Files</Filter>
    </ClInclude>
    <ClInclude Include="..\coop\m_parasite.h">
      <Filter>Header Files</Filter>
    </ClInclude>
    <ClInclude Include="..\coop\m_player.h">
      <Filter>Header Files</Filter>
    </ClInclude>
    <ClInclude Include="..\coop\m_rider.h">
      <Filter>Header Files</Filter>
    </ClInclude>
    <ClInclude Include="..\coop\m_soldier.h">
      <Filter>Header Files</Filter>
    </ClInclude>
    <ClInclude Include="..\coop\m_stalker.h">
      <Filter>Header Files</Filter>
    </ClInclude>
    <ClInclude Include="..\coop\m_supertank.h">
      <Filter>Header Files</Filter>
    </ClInclude>
    <ClInclude Include="..\coop\m_tank.h">
      <Filter>Header Files</Filter>
    </ClInclude>
    <ClInclude Include="..\coop\m_turret.h">
      <Filter>Header Files</Filter>
    </ClInclude>
    <ClInclude Include="..\coop\m_widow.h">
      <Filter>Header Files</Filter>
    </ClInclude>
    <ClInclude Include="..\coop\m_widow2.h">
      <Filter>Header Files</Filter>
    </ClInclude>
    <ClInclude Include="..\coop\menu.h">
      <Filter>Header Files</Filter>
    </ClInclude>
    <ClInclude Include="..\coop\q_shared.h">
      <Filter>Header Files</Filter>
    </ClInclude>
    <ClInclude Include="..\coop\z_boss.h">
      <Filter>Header Files</Filter>
    </ClInclude>
    <ClInclude Include="..\coop\z_handler.h">
      <Filter>Header Files</Filter>
    </ClInclude>
    <ClInclude Include="..\coop\z_hound.h">
      <Filter>Header Files</Filter>
    </ClInclude>
    <ClInclude Include="..\coop\z_sentien.h">
      <Filter>Header Files</Filter>
    </ClInclude>
  </ItemGroup>
</Project>