<?xml version="1.0" encoding="utf-8"?>
<Project ToolsVersion="4.0" xmlns="http://schemas.microsoft.com/developer/msbuild/2003">
  <ItemGroup>
    <Filter Include="Source Files">
      <UniqueIdentifier>{1223ba9f-a0aa-4305-b0aa-ddd42c16b0a2}</UniqueIdentifier>
      <Extensions>cpp;c;cxx;rc;def;r;odl;idl;hpj;bat;for;f90</Extensions>
    </Filter>
    <Filter Include="Header Files">
      <UniqueIdentifier>{0eefb9aa-6fc9-4c3f-b6fd-77088406c57d}</UniqueIdentifier>
      <Extensions>h;hpp;hxx;hm;inl;fi;fd</Extensions>
    </Filter>
    <Filter Include="Resource Files">
      <UniqueIdentifier>{d76e5704-96ca-443c-b584-cf3f01a761ed}</UniqueIdentifier>
      <Extensions>ico;cur;bmp;dlg;rc2;rct;bin;cnt;rtf;gif;jpg;jpeg;jpe</Extensions>
    </Filter>
  </ItemGroup>
  <ItemGroup>
    <None Include="..\ctf\ctf.def">
      <Filter>Source Files</Filter>
    </None>
  </ItemGroup>
  <ItemGroup>
    <ClCompile Include="..\ctf\g_ai.c">
      <Filter>Source Files</Filter>
    </ClCompile>
    <ClCompile Include="..\ctf\g_chase.c">
      <Filter>Source Files</Filter>
    </ClCompile>
    <ClCompile Include="..\ctf\g_cmds.c">
      <Filter>Source Files</Filter>
    </ClCompile>
    <ClCompile Include="..\ctf\g_combat.c">
      <Filter>Source Files</Filter>
    </ClCompile>
    <ClCompile Include="..\ctf\g_ctf.c">
      <Filter>Source Files</Filter>
    </ClCompile>
    <ClCompile Include="..\ctf\g_func.c">
      <Filter>Source Files</Filter>
    </ClCompile>
    <ClCompile Include="..\ctf\g_items.c">
      <Filter>Source Files</Filter>
    </ClCompile>
    <ClCompile Include="..\ctf\g_main.c">
      <Filter>Source Files</Filter>
    </ClCompile>
    <ClCompile Include="..\ctf\g_misc.c">
      <Filter>Source Files</Filter>
    </ClCompile>
    <ClCompile Include="..\ctf\g_monster.c">
      <Filter>Source Files</Filter>
    </ClCompile>
    <ClCompile Include="..\ctf\g_phys.c">
      <Filter>Source Files</Filter>
    </ClCompile>
    <ClCompile Include="..\ctf\g_save.c">
      <Filter>Source Files</Filter>
    </ClCompile>
    <ClCompile Include="..\ctf\g_spawn.c">
      <Filter>Source Files</Filter>
    </ClCompile>
    <ClCompile Include="..\ctf\g_svcmds.c">
      <Filter>Source Files</Filter>
    </ClCompile>
    <ClCompile Include="..\ctf\g_target.c">
      <Filter>Source Files</Filter>
    </ClCompile>
    <ClCompile Include="..\ctf\g_trigger.c">
      <Filter>Source Files</Filter>
    </ClCompile>
    <ClCompile Include="..\ctf\g_utils.c">
      <Filter>Source Files</Filter>
    </ClCompile>
    <ClCompile Include="..\ctf\g_weapon.c">
      <Filter>Source Files</Filter>
    </ClCompile>
    <ClCompile Include="..\ctf\menu.c">
      <Filter>Source Files</Filter>
    </ClCompile>
    <ClCompile Include="..\ctf\move.c">
      <Filter>Source Files</Filter>
    </ClCompile>
    <ClCompile Include="..\ctf\p_client.c">
      <Filter>Source Files</Filter>
    </ClCompile>
    <ClCompile Include="..\ctf\p_hud.c">
      <Filter>Source Files</Filter>
    </ClCompile>
    <ClCompile Include="..\ctf\p_trail.c">
      <Filter>Source Files</Filter>
    </ClCompile>
    <ClCompile Include="..\ctf\p_view.c">
      <Filter>Source Files</Filter>
    </ClCompile>
    <ClCompile Include="..\ctf\p_weapon.c">
      <Filter>Source Files</Filter>
    </ClCompile>
    <ClCompile Include="..\ctf\q_shared.c">
      <Filter>Source Files</Filter>
    </ClCompile>
  </ItemGroup>
  <ItemGroup>
    <ClInclude Include="..\ctf\ctf.h">
      <Filter>Header Files</Filter>
    </ClInclude>
    <ClInclude Include="..\ctf\g_local.h">
      <Filter>Header Files</Filter>
    </ClInclude>
    <ClInclude Include="..\ctf\game.h">
      <Filter>Header Files</Filter>
    </ClInclude>
    <ClInclude Include="..\ctf\menu.h">
      <Filter>Header Files</Filter>
    </ClInclude>
    <ClInclude Include="..\ctf\player.h">
      <Filter>Header Files</Filter>
    </ClInclude>
    <ClInclude Include="..\ctf\q_shared.h">
      <Filter>Header Files</Filter>
    </ClInclude>
  </ItemGroup>
</Project>