
Microsoft Visual Studio Solution File, Format Version 9.00
# Visual Studio 2005
Project("{8BC9CEB8-8B4A-11D0-8D11-00A0C91BC942}") = "3zb2gamex86", "3zb2gamex86.vcproj", "{7655F8BE-243C-4EBA-AC6E-DE36EE94BA5D}"
EndProject
Project("{8BC9CEB8-8B4A-11D0-8D11-00A0C91BC942}") = "acegamex86", "acegamex86.vcproj", "{BB5D8AB6-78FD-4242-9348-5BF716A5A1D4}"
EndProject
Project("{8BC9CEB8-8B4A-11D0-8D11-00A0C91BC942}") = "actiongamex86", "actiongamex86.vcproj", "{45C4AD60-55C9-4300-BF09-D4538E2DB49E}"
EndProject
Project("{8BC9CEB8-8B4A-11D0-8D11-00A0C91BC942}") = "chaosgamex86", "chaosgamex86.vcproj", "{A878823B-2A67-4E5B-8D0B-5702EB52DEDC}"
EndProject
Project("{8BC9CEB8-8B4A-11D0-8D11-00A0C91BC942}") = "coopgamex86", "coopgamex86.vcproj", "{BF38E300-8B6C-4914-85EC-2E3A334FF2BF}"
EndProject
Project("{8BC9CEB8-8B4A-11D0-8D11-00A0C91BC942}") = "ctfgamex86", "ctfgamex86.vcproj", "{F556DA59-9726-48E2-82A9-2EEC800C3E4D}"
EndProject
Project("{8BC9CEB8-8B4A-11D0-8D11-00A0C91BC942}") = "ddaygamex86", "ddaygamex86.vcproj", "{2EDA0A3D-2E57-43D4-BB3F-98244483BF49}"
EndProject
Project("{8BC9CEB8-8B4A-11D0-8D11-00A0C91BC942}") = "gamespysdk", "gamespysdk.vcproj", "{B195819A-92F2-4C6B-BEE8-A487187B4EE7}"
EndProject
Project("{8BC9CEB8-8B4A-11D0-8D11-00A0C91BC942}") = "gamex86", "gamex86.vcproj", "{DB3F7625-D1AD-4C8B-8A11-A26B91A154C1}"
EndProject
Project("{8BC9CEB8-8B4A-11D0-8D11-00A0C91BC942}") = "quake2", "quake2.vcproj", "{E748B2A7-9EE3-46ED-A2AE-422E4024E9A1}"
	ProjectSection(ProjectDependencies) = postProject
		{60170F3B-98AE-4E41-BF2F-A4B908EDA5FF} = {60170F3B-98AE-4E41-BF2F-A4B908EDA5FF}
		{DB3F7625-D1AD-4C8B-8A11-A26B91A154C1} = {DB3F7625-D1AD-4C8B-8A11-A26B91A154C1}
	EndProjectSection
EndProject
Project("{8BC9CEB8-8B4A-11D0-8D11-00A0C91BC942}") = "ref_gl", "ref_gl.vcproj", "{A8074BF8-ECF4-4830-986D-A365A39C1462}"
EndProject
Project("{8BC9CEB8-8B4A-11D0-8D11-00A0C91BC942}") = "ref_soft", "ref_soft.vcproj", "{60170F3B-98AE-4E41-BF2F-A4B908EDA5FF}"
EndProject
Project("{8BC9CEB8-8B4A-11D0-8D11-00A0C91BC942}") = "roguegamex86", "roguegamex86.vcproj", "{EB5C3C79-071B-4DFE-9361-B29240FF09EF}"
EndProject
Project("{8BC9CEB8-8B4A-11D0-8D11-00A0C91BC942}") = "xatrixgamex86", "xatrixgamex86.vcproj", "{7A61FD90-8B94-4CFB-B823-CB08494123C9}"
EndProject
Project("{8BC9CEB8-8B4A-11D0-8D11-00A0C91BC942}") = "zaerogamex86", "zaerogamex86.vcproj", "{1BC87A8E-93A6-4183-8E60-B197D2E4E32E}"
EndProject
Global
	GlobalSection(SolutionConfigurationPlatforms) = preSolution
		Debug|Win32 = Debug|Win32
		Release|Win32 = Release|Win32
	EndGlobalSection
	GlobalSection(ProjectConfigurationPlatforms) = postSolution
		{7655F8BE-243C-4EBA-AC6E-DE36EE94BA5D}.Debug|Win32.ActiveCfg = Debug|Win32
		{7655F8BE-243C-4EBA-AC6E-DE36EE94BA5D}.Debug|Win32.Build.0 = Debug|Win32
		{7655F8BE-243C-4EBA-AC6E-DE36EE94BA5D}.Release|Win32.ActiveCfg = Release|Win32
		{7655F8BE-243C-4EBA-AC6E-DE36EE94BA5D}.Release|Win32.Build.0 = Release|Win32
		{BB5D8AB6-78FD-4242-9348-5BF716A5A1D4}.Debug|Win32.ActiveCfg = Debug|Win32
		{BB5D8AB6-78FD-4242-9348-5BF716A5A1D4}.Debug|Win32.Build.0 = Debug|Win32
		{BB5D8AB6-78FD-4242-9348-5BF716A5A1D4}.Release|Win32.ActiveCfg = Release|Win32
		{BB5D8AB6-78FD-4242-9348-5BF716A5A1D4}.Release|Win32.Build.0 = Release|Win32
		{45C4AD60-55C9-4300-BF09-D4538E2DB49E}.Debug|Win32.ActiveCfg = Debug|Win32
		{45C4AD60-55C9-4300-BF09-D4538E2DB49E}.Debug|Win32.Build.0 = Debug|Win32
		{45C4AD60-55C9-4300-BF09-D4538E2DB49E}.Release|Win32.ActiveCfg = Release|Win32
		{45C4AD60-55C9-4300-BF09-D4538E2DB49E}.Release|Win32.Build.0 = Release|Win32
		{A878823B-2A67-4E5B-8D0B-5702EB52DEDC}.Debug|Win32.ActiveCfg = Debug|Win32
		{A878823B-2A67-4E5B-8D0B-5702EB52DEDC}.Debug|Win32.Build.0 = Debug|Win32
		{A878823B-2A67-4E5B-8D0B-5702EB52DEDC}.Release|Win32.ActiveCfg = Release|Win32
		{A878823B-2A67-4E5B-8D0B-5702EB52DEDC}.Release|Win32.Build.0 = Release|Win32
		{BF38E300-8B6C-4914-85EC-2E3A334FF2BF}.Debug|Win32.ActiveCfg = Debug|Win32
		{BF38E300-8B6C-4914-85EC-2E3A334FF2BF}.Debug|Win32.Build.0 = Debug|Win32
		{BF38E300-8B6C-4914-85EC-2E3A334FF2BF}.Release|Win32.ActiveCfg = Release|Win32
		{BF38E300-8B6C-4914-85EC-2E3A334FF2BF}.Release|Win32.Build.0 = Release|Win32
		{F556DA59-9726-48E2-82A9-2EEC800C3E4D}.Debug|Win32.ActiveCfg = Debug|Win32
		{F556DA59-9726-48E2-82A9-2EEC800C3E4D}.Debug|Win32.Build.0 = Debug|Win32
		{F556DA59-9726-48E2-82A9-2EEC800C3E4D}.Release|Win32.ActiveCfg = Release|Win32
		{F556DA59-9726-48E2-82A9-2EEC800C3E4D}.Release|Win32.Build.0 = Release|Win32
		{2EDA0A3D-2E57-43D4-BB3F-98244483BF49}.Debug|Win32.ActiveCfg = Debug|Win32
		{2EDA0A3D-2E57-43D4-BB3F-98244483BF49}.Debug|Win32.Build.0 = Debug|Win32
		{2EDA0A3D-2E57-43D4-BB3F-98244483BF49}.Release|Win32.ActiveCfg = Release|Win32
		{2EDA0A3D-2E57-43D4-BB3F-98244483BF49}.Release|Win32.Build.0 = Release|Win32
		{B195819A-92F2-4C6B-BEE8-A487187B4EE7}.Debug|Win32.ActiveCfg = Debug|Win32
		{B195819A-92F2-4C6B-BEE8-A487187B4EE7}.Debug|Win32.Build.0 = Debug|Win32
		{B195819A-92F2-4C6B-BEE8-A487187B4EE7}.Release|Win32.ActiveCfg = Release|Win32
		{B195819A-92F2-4C6B-BEE8-A487187B4EE7}.Release|Win32.Build.0 = Release|Win32
		{DB3F7625-D1AD-4C8B-8A11-A26B91A154C1}.Debug|Win32.ActiveCfg = Debug|Win32
		{DB3F7625-D1AD-4C8B-8A11-A26B91A154C1}.Debug|Win32.Build.0 = Debug|Win32
		{DB3F7625-D1AD-4C8B-8A11-A26B91A154C1}.Release|Win32.ActiveCfg = Release|Win32
		{DB3F7625-D1AD-4C8B-8A11-A26B91A154C1}.Release|Win32.Build.0 = Release|Win32
		{E748B2A7-9EE3-46ED-A2AE-422E4024E9A1}.Debug|Win32.ActiveCfg = Debug|Win32
		{E748B2A7-9EE3-46ED-A2AE-422E4024E9A1}.Debug|Win32.Build.0 = Debug|Win32
		{E748B2A7-9EE3-46ED-A2AE-422E4024E9A1}.Release|Win32.ActiveCfg = Release|Win32
		{E748B2A7-9EE3-46ED-A2AE-422E4024E9A1}.Release|Win32.Build.0 = Release|Win32
		{A8074BF8-ECF4-4830-986D-A365A39C1462}.Debug|Win32.ActiveCfg = Debug|Win32
		{A8074BF8-ECF4-4830-986D-A365A39C1462}.Debug|Win32.Build.0 = Debug|Win32
		{A8074BF8-ECF4-4830-986D-A365A39C1462}.Release|Win32.ActiveCfg = Release|Win32
		{A8074BF8-ECF4-4830-986D-A365A39C1462}.Release|Win32.Build.0 = Release|Win32
		{60170F3B-98AE-4E41-BF2F-A4B908EDA5FF}.Debug|Win32.ActiveCfg = Debug|Win32
		{60170F3B-98AE-4E41-BF2F-A4B908EDA5FF}.Debug|Win32.Build.0 = Debug|Win32
		{60170F3B-98AE-4E41-BF2F-A4B908EDA5FF}.Release|Win32.ActiveCfg = Release|Win32
		{60170F3B-98AE-4E41-BF2F-A4B908EDA5FF}.Release|Win32.Build.0 = Release|Win32
		{EB5C3C79-071B-4DFE-9361-B29240FF09EF}.Debug|Win32.ActiveCfg = Debug|Win32
		{EB5C3C79-071B-4DFE-9361-B29240FF09EF}.Debug|Win32.Build.0 = Debug|Win32
		{EB5C3C79-071B-4DFE-9361-B29240FF09EF}.Release|Win32.ActiveCfg = Release|Win32
		{EB5C3C79-071B-4DFE-9361-B29240FF09EF}.Release|Win32.Build.0 = Release|Win32
		{7A61FD90-8B94-4CFB-B823-CB08494123C9}.Debug|Win32.ActiveCfg = Debug|Win32
		{7A61FD90-8B94-4CFB-B823-CB08494123C9}.Debug|Win32.Build.0 = Debug|Win32
		{7A61FD90-8B94-4CFB-B823-CB08494123C9}.Release|Win32.ActiveCfg = Release|Win32
		{7A61FD90-8B94-4CFB-B823-CB08494123C9}.Release|Win32.Build.0 = Release|Win32
		{1BC87A8E-93A6-4183-8E60-B197D2E4E32E}.Debug|Win32.ActiveCfg = Debug|Win32
		{1BC87A8E-93A6-4183-8E60-B197D2E4E32E}.Debug|Win32.Build.0 = Debug|Win32
		{1BC87A8E-93A6-4183-8E60-B197D2E4E32E}.Release|Win32.ActiveCfg = Release|Win32
		{1BC87A8E-93A6-4183-8E60-B197D2E4E32E}.Release|Win32.Build.0 = Release|Win32
	EndGlobalSection
	GlobalSection(SolutionProperties) = preSolution
		HideSolutionNode = FALSE
	EndGlobalSection
EndGlobal
